
Microsoft Visual Studio Solution File, Format Version 12.00
# Visual Studio Version 16
VisualStudioVersion = 16.0.30804.86
MinimumVisualStudioVersion = 10.0.40219.1
Project("{FAE04EC0-301F-11D3-BF4B-00C04F79EFBC}") = "MarsRover", "MarsRover\MarsRover.csproj", "{14830DC4-4FE8-4942-915D-E9CC44405C1E}"
EndProject
Project("{FAE04EC0-301F-11D3-BF4B-00C04F79EFBC}") = "MarsRover.Logic", "MarsRover.Logic\MarsRover.Logic.csproj", "{E28E308B-FD51-4AC1-873B-00ACD7265EF6}"
EndProject
Project("{FAE04EC0-301F-11D3-BF4B-00C04F79EFBC}") = "MarsRover.Test", "MarsRover.Test\MarsRover.Test.csproj", "{1CA29A70-A2C0-4C7D-B2ED-109772F5E34A}"
EndProject
Global
	GlobalSection(SolutionConfigurationPlatforms) = preSolution
		Debug|Any CPU = Debug|Any CPU
		Release|Any CPU = Release|Any CPU
	EndGlobalSection
	GlobalSection(ProjectConfigurationPlatforms) = postSolution
		{14830DC4-4FE8-4942-915D-E9CC44405C1E}.Debug|Any CPU.ActiveCfg = Debug|Any CPU
		{14830DC4-4FE8-4942-915D-E9CC44405C1E}.Debug|Any CPU.Build.0 = Debug|Any CPU
		{14830DC4-4FE8-4942-915D-E9CC44405C1E}.Release|Any CPU.ActiveCfg = Release|Any CPU
		{14830DC4-4FE8-4942-915D-E9CC44405C1E}.Release|Any CPU.Build.0 = Release|Any CPU
		{E28E308B-FD51-4AC1-873B-00ACD7265EF6}.Debug|Any CPU.ActiveCfg = Debug|Any CPU
		{E28E308B-FD51-4AC1-873B-00ACD7265EF6}.Debug|Any CPU.Build.0 = Debug|Any CPU
		{E28E308B-FD51-4AC1-873B-00ACD7265EF6}.Release|Any CPU.ActiveCfg = Release|Any CPU
		{E28E308B-FD51-4AC1-873B-00ACD7265EF6}.Release|Any CPU.Build.0 = Release|Any CPU
		{1CA29A70-A2C0-4C7D-B2ED-109772F5E34A}.Debug|Any CPU.ActiveCfg = Debug|Any CPU
		{1CA29A70-A2C0-4C7D-B2ED-109772F5E34A}.Debug|Any CPU.Build.0 = Debug|Any CPU
		{1CA29A70-A2C0-4C7D-B2ED-109772F5E34A}.Release|Any CPU.ActiveCfg = Release|Any CPU
		{1CA29A70-A2C0-4C7D-B2ED-109772F5E34A}.Release|Any CPU.Build.0 = Release|Any CPU
	EndGlobalSection
	GlobalSection(SolutionProperties) = preSolution
		HideSolutionNode = FALSE
	EndGlobalSection
	GlobalSection(ExtensibilityGlobals) = postSolution
		SolutionGuid = {B5E260E8-5E74-448A-A297-BB245D91C3E1}
	EndGlobalSection
EndGlobal
